
Microsoft Visual Studio Solution File, Format Version 12.00
# Visual Studio Version 17
VisualStudioVersion = 17.9.34723.18
MinimumVisualStudioVersion = 10.0.40219.1
Project("{FAE04EC0-301F-11D3-BF4B-00C04F79EFBC}") = "TimeSpanOperacoes", "TimeSpanOperacoes\TimeSpanOperacoes.csproj", "{5FC06D81-77D5-4A49-B016-96FEE8FC28F1}"
EndProject
Global
	GlobalSection(SolutionConfigurationPlatforms) = preSolution
		Debug|Any CPU = Debug|Any CPU
		Release|Any CPU = Release|Any CPU
	EndGlobalSection
	GlobalSection(ProjectConfigurationPlatforms) = postSolution
		{5FC06D81-77D5-4A49-B016-96FEE8FC28F1}.Debug|Any CPU.ActiveCfg = Debug|Any CPU
		{5FC06D81-77D5-4A49-B016-96FEE8FC28F1}.Debug|Any CPU.Build.0 = Debug|Any CPU
		{5FC06D81-77D5-4A49-B016-96FEE8FC28F1}.Release|Any CPU.ActiveCfg = Release|Any CPU
		{5FC06D81-77D5-4A49-B016-96FEE8FC28F1}.Release|Any CPU.Build.0 = Release|Any CPU
	EndGlobalSection
	GlobalSection(SolutionProperties) = preSolution
		HideSolutionNode = FALSE
	EndGlobalSection
	GlobalSection(ExtensibilityGlobals) = postSolution
		SolutionGuid = {6F7C9FC6-F476-41B8-80F7-D95B0D62B4DC}
	EndGlobalSection
EndGlobal
